// !$*UTF8*$!
{
	archiveVersion = 1;
	classes = {
	};
	objectVersion = 55;
	objects = {

/* Begin PBXBuildFile section */
		A84DDDC92AB80AF5005E00BF /* FetchCodeChallengeApp.swift in Sources */ = {isa = PBXBuildFile; fileRef = A84DDDC82AB80AF5005E00BF /* FetchCodeChallengeApp.swift */; };
		A84DDDCB2AB80AF5005E00BF /* ContentView.swift in Sources */ = {isa = PBXBuildFile; fileRef = A84DDDCA2AB80AF5005E00BF /* ContentView.swift */; };
		A84DDDCD2AB80AF7005E00BF /* Assets.xcassets in Resources */ = {isa = PBXBuildFile; fileRef = A84DDDCC2AB80AF7005E00BF /* Assets.xcassets */; };
		A84DDDD02AB80AF7005E00BF /* Preview Assets.xcassets in Resources */ = {isa = PBXBuildFile; fileRef = A84DDDCF2AB80AF7005E00BF /* Preview Assets.xcassets */; };
		A84DDDD72AB8AFDA005E00BF /* DessertsLDetailView.swift in Sources */ = {isa = PBXBuildFile; fileRef = A84DDDD62AB8AFDA005E00BF /* DessertsLDetailView.swift */; };
		A84DDDD92AB8AFE5005E00BF /* DessertsListViewModel.swift in Sources */ = {isa = PBXBuildFile; fileRef = A84DDDD82AB8AFE5005E00BF /* DessertsListViewModel.swift */; };
		A84DDDDB2AB8B20A005E00BF /* DessertsApiDataManager.swift in Sources */ = {isa = PBXBuildFile; fileRef = A84DDDDA2AB8B20A005E00BF /* DessertsApiDataManager.swift */; };
		A84DDDDD2ABB3E2B005E00BF /* DessertsDetailViewModel.swift in Sources */ = {isa = PBXBuildFile; fileRef = A84DDDDC2ABB3E2A005E00BF /* DessertsDetailViewModel.swift */; };
		A84DDDE12ABB3F51005E00BF /* DessertDetailApiDataManager.swift in Sources */ = {isa = PBXBuildFile; fileRef = A84DDDE02ABB3F51005E00BF /* DessertDetailApiDataManager.swift */; };
/* End PBXBuildFile section */

/* Begin PBXFileReference section */
		A84DDDC52AB80AF5005E00BF /* FetchCodeChallenge.app */ = {isa = PBXFileReference; explicitFileType = wrapper.application; includeInIndex = 0; path = FetchCodeChallenge.app; sourceTree = BUILT_PRODUCTS_DIR; };
		A84DDDC82AB80AF5005E00BF /* FetchCodeChallengeApp.swift */ = {isa = PBXFileReference; lastKnownFileType = sourcecode.swift; path = FetchCodeChallengeApp.swift; sourceTree = "<group>"; };
		A84DDDCA2AB80AF5005E00BF /* ContentView.swift */ = {isa = PBXFileReference; lastKnownFileType = sourcecode.swift; path = ContentView.swift; sourceTree = "<group>"; };
		A84DDDCC2AB80AF7005E00BF /* Assets.xcassets */ = {isa = PBXFileReference; lastKnownFileType = folder.assetcatalog; path = Assets.xcassets; sourceTree = "<group>"; };
		A84DDDCF2AB80AF7005E00BF /* Preview Assets.xcassets */ = {isa = PBXFileReference; lastKnownFileType = folder.assetcatalog; path = "Preview Assets.xcassets"; sourceTree = "<group>"; };
		A84DDDD62AB8AFDA005E00BF /* DessertsLDetailView.swift */ = {isa = PBXFileReference; lastKnownFileType = sourcecode.swift; path = DessertsLDetailView.swift; sourceTree = "<group>"; };
		A84DDDD82AB8AFE5005E00BF /* DessertsListViewModel.swift */ = {isa = PBXFileReference; lastKnownFileType = sourcecode.swift; path = DessertsListViewModel.swift; sourceTree = "<group>"; };
		A84DDDDA2AB8B20A005E00BF /* DessertsApiDataManager.swift */ = {isa = PBXFileReference; lastKnownFileType = sourcecode.swift; path = DessertsApiDataManager.swift; sourceTree = "<group>"; };
		A84DDDDC2ABB3E2A005E00BF /* DessertsDetailViewModel.swift */ = {isa = PBXFileReference; lastKnownFileType = sourcecode.swift; path = DessertsDetailViewModel.swift; sourceTree = "<group>"; };
		A84DDDE02ABB3F51005E00BF /* DessertDetailApiDataManager.swift */ = {isa = PBXFileReference; lastKnownFileType = sourcecode.swift; path = DessertDetailApiDataManager.swift; sourceTree = "<group>"; };
/* End PBXFileReference section */

/* Begin PBXFrameworksBuildPhase section */
		A84DDDC22AB80AF5005E00BF /* Frameworks */ = {
			isa = PBXFrameworksBuildPhase;
			buildActionMask = 2147483647;
			files = (
			);
			runOnlyForDeploymentPostprocessing = 0;
		};
/* End PBXFrameworksBuildPhase section */

/* Begin PBXGroup section */
		A84DDDBC2AB80AF5005E00BF = {
			isa = PBXGroup;
			children = (
				A84DDDC72AB80AF5005E00BF /* FetchCodeChallenge */,
				A84DDDC62AB80AF5005E00BF /* Products */,
			);
			sourceTree = "<group>";
		};
		A84DDDC62AB80AF5005E00BF /* Products */ = {
			isa = PBXGroup;
			children = (
				A84DDDC52AB80AF5005E00BF /* FetchCodeChallenge.app */,
			);
			name = Products;
			sourceTree = "<group>";
		};
		A84DDDC72AB80AF5005E00BF /* FetchCodeChallenge */ = {
			isa = PBXGroup;
			children = (
				A84DDDC82AB80AF5005E00BF /* FetchCodeChallengeApp.swift */,
				A84DDDDE2ABB3E8D005E00BF /* DessertMasterView */,
				A84DDDDF2ABB3E9D005E00BF /* DessertDetailView */,
				A84DDDCC2AB80AF7005E00BF /* Assets.xcassets */,
				A84DDDCE2AB80AF7005E00BF /* Preview Content */,
			);
			path = FetchCodeChallenge;
			sourceTree = "<group>";
		};
		A84DDDCE2AB80AF7005E00BF /* Preview Content */ = {
			isa = PBXGroup;
			children = (
				A84DDDCF2AB80AF7005E00BF /* Preview Assets.xcassets */,
			);
			path = "Preview Content";
			sourceTree = "<group>";
		};
		A84DDDDE2ABB3E8D005E00BF /* DessertMasterView */ = {
			isa = PBXGroup;
			children = (
				A84DDDCA2AB80AF5005E00BF /* ContentView.swift */,
				A84DDDD82AB8AFE5005E00BF /* DessertsListViewModel.swift */,
				A84DDDDA2AB8B20A005E00BF /* DessertsApiDataManager.swift */,
			);
			path = DessertMasterView;
			sourceTree = "<group>";
		};
		A84DDDDF2ABB3E9D005E00BF /* DessertDetailView */ = {
			isa = PBXGroup;
			children = (
				A84DDDD62AB8AFDA005E00BF /* DessertsLDetailView.swift */,
				A84DDDDC2ABB3E2A005E00BF /* DessertsDetailViewModel.swift */,
				A84DDDE02ABB3F51005E00BF /* DessertDetailApiDataManager.swift */,
			);
			path = DessertDetailView;
			sourceTree = "<group>";
		};
/* End PBXGroup section */

/* Begin PBXNativeTarget section */
		A84DDDC42AB80AF5005E00BF /* FetchCodeChallenge */ = {
			isa = PBXNativeTarget;
			buildConfigurationList = A84DDDD32AB80AF7005E00BF /* Build configuration list for PBXNativeTarget "FetchCodeChallenge" */;
			buildPhases = (
				A84DDDC12AB80AF5005E00BF /* Sources */,
				A84DDDC22AB80AF5005E00BF /* Frameworks */,
				A84DDDC32AB80AF5005E00BF /* Resources */,
			);
			buildRules = (
			);
			dependencies = (
			);
			name = FetchCodeChallenge;
			productName = FetchCodeChallenge;
			productReference = A84DDDC52AB80AF5005E00BF /* FetchCodeChallenge.app */;
			productType = "com.apple.product-type.application";
		};
/* End PBXNativeTarget section */

/* Begin PBXProject section */
		A84DDDBD2AB80AF5005E00BF /* Project object */ = {
			isa = PBXProject;
			attributes = {
				BuildIndependentTargetsInParallel = 1;
				LastSwiftUpdateCheck = 1320;
				LastUpgradeCheck = 1320;
				TargetAttributes = {
					A84DDDC42AB80AF5005E00BF = {
						CreatedOnToolsVersion = 13.2.1;
					};
				};
			};
			buildConfigurationList = A84DDDC02AB80AF5005E00BF /* Build configuration list for PBXProject "FetchCodeChallenge" */;
			compatibilityVersion = "Xcode 13.0";
			developmentRegion = en;
			hasScannedForEncodings = 0;
			knownRegions = (
				en,
				Base,
			);
			mainGroup = A84DDDBC2AB80AF5005E00BF;
			productRefGroup = A84DDDC62AB80AF5005E00BF /* Products */;
			projectDirPath = "";
			projectRoot = "";
			targets = (
				A84DDDC42AB80AF5005E00BF /* FetchCodeChallenge */,
			);
		};
/* End PBXProject section */

/* Begin PBXResourcesBuildPhase section */
		A84DDDC32AB80AF5005E00BF /* Resources */ = {
			isa = PBXResourcesBuildPhase;
			buildActionMask = 2147483647;
			files = (
				A84DDDD02AB80AF7005E00BF /* Preview Assets.xcassets in Resources */,
				A84DDDCD2AB80AF7005E00BF /* Assets.xcassets in Resources */,
			);
			runOnlyForDeploymentPostprocessing = 0;
		};
/* End PBXResourcesBuildPhase section */

/* Begin PBXSourcesBuildPhase section */
		A84DDDC12AB80AF5005E00BF /* Sources */ = {
			isa = PBXSourcesBuildPhase;
			buildActionMask = 2147483647;
			files = (
				A84DDDDD2ABB3E2B005E00BF /* DessertsDetailViewModel.swift in Sources */,
				A84DDDCB2AB80AF5005E00BF /* ContentView.swift in Sources */,
				A84DDDD72AB8AFDA005E00BF /* DessertsLDetailView.swift in Sources */,
				A84DDDDB2AB8B20A005E00BF /* DessertsApiDataManager.swift in Sources */,
				A84DDDC92AB80AF5005E00BF /* FetchCodeChallengeApp.swift in Sources */,
				A84DDDD92AB8AFE5005E00BF /* DessertsListViewModel.swift in Sources */,
				A84DDDE12ABB3F51005E00BF /* DessertDetailApiDataManager.swift in Sources */,
			);
			runOnlyForDeploymentPostprocessing = 0;
		};
/* End PBXSourcesBuildPhase section */

/* Begin XCBuildConfiguration section */
		A84DDDD12AB80AF7005E00BF /* Debug */ = {
			isa = XCBuildConfiguration;
			buildSettings = {
				ALWAYS_SEARCH_USER_PATHS = NO;
				CLANG_ANALYZER_NONNULL = YES;
				CLANG_ANALYZER_NUMBER_OBJECT_CONVERSION = YES_AGGRESSIVE;
				CLANG_CXX_LANGUAGE_STANDARD = "gnu++17";
				CLANG_CXX_LIBRARY = "libc++";
				CLANG_ENABLE_MODULES = YES;
				CLANG_ENABLE_OBJC_ARC = YES;
				CLANG_ENABLE_OBJC_WEAK = YES;
				CLANG_WARN_BLOCK_CAPTURE_AUTORELEASING = YES;
				CLANG_WARN_BOOL_CONVERSION = YES;
				CLANG_WARN_COMMA = YES;
				CLANG_WARN_CONSTANT_CONVERSION = YES;
				CLANG_WARN_DEPRECATED_OBJC_IMPLEMENTATIONS = YES;
				CLANG_WARN_DIRECT_OBJC_ISA_USAGE = YES_ERROR;
				CLANG_WARN_DOCUMENTATION_COMMENTS = YES;
				CLANG_WARN_EMPTY_BODY = YES;
				CLANG_WARN_ENUM_CONVERSION = YES;
				CLANG_WARN_INFINITE_RECURSION = YES;
				CLANG_WARN_INT_CONVERSION = YES;
				CLANG_WARN_NON_LITERAL_NULL_CONVERSION = YES;
				CLANG_WARN_OBJC_IMPLICIT_RETAIN_SELF = YES;
				CLANG_WARN_OBJC_LITERAL_CONVERSION = YES;
				CLANG_WARN_OBJC_ROOT_CLASS = YES_ERROR;
				CLANG_WARN_QUOTED_INCLUDE_IN_FRAMEWORK_HEADER = YES;
				CLANG_WARN_RANGE_LOOP_ANALYSIS = YES;
				CLANG_WARN_STRICT_PROTOTYPES = YES;
				CLANG_WARN_SUSPICIOUS_MOVE = YES;
				CLANG_WARN_UNGUARDED_AVAILABILITY = YES_AGGRESSIVE;
				CLANG_WARN_UNREACHABLE_CODE = YES;
				CLANG_WARN__DUPLICATE_METHOD_MATCH = YES;
				COPY_PHASE_STRIP = NO;
				DEBUG_INFORMATION_FORMAT = dwarf;
				ENABLE_STRICT_OBJC_MSGSEND = YES;
				ENABLE_TESTABILITY = YES;
				GCC_C_LANGUAGE_STANDARD = gnu11;
				GCC_DYNAMIC_NO_PIC = NO;
				GCC_NO_COMMON_BLOCKS = YES;
				GCC_OPTIMIZATION_LEVEL = 0;
				GCC_PREPROCESSOR_DEFINITIONS = (
					"DEBUG=1",
					"$(inherited)",
				);
				GCC_WARN_64_TO_32_BIT_CONVERSION = YES;
				GCC_WARN_ABOUT_RETURN_TYPE = YES_ERROR;
				GCC_WARN_UNDECLARED_SELECTOR = YES;
				GCC_WARN_UNINITIALIZED_AUTOS = YES_AGGRESSIVE;
				GCC_WARN_UNUSED_FUNCTION = YES;
				GCC_WARN_UNUSED_VARIABLE = YES;
				IPHONEOS_DEPLOYMENT_TARGET = 15.2;
				MTL_ENABLE_DEBUG_INFO = INCLUDE_SOURCE;
				MTL_FAST_MATH = YES;
				ONLY_ACTIVE_ARCH = YES;
				SDKROOT = iphoneos;
				SWIFT_ACTIVE_COMPILATION_CONDITIONS = DEBUG;
				SWIFT_OPTIMIZATION_LEVEL = "-Onone";
			};
			name = Debug;
		};
		A84DDDD22AB80AF7005E00BF /* Release */ = {
			isa = XCBuildConfiguration;
			buildSettings = {
				ALWAYS_SEARCH_USER_PATHS = NO;
				CLANG_ANALYZER_NONNULL = YES;
				CLANG_ANALYZER_NUMBER_OBJECT_CONVERSION = YES_AGGRESSIVE;
				CLANG_CXX_LANGUAGE_STANDARD = "gnu++17";
				CLANG_CXX_LIBRARY = "libc++";
				CLANG_ENABLE_MODULES = YES;
				CLANG_ENABLE_OBJC_ARC = YES;
				CLANG_ENABLE_OBJC_WEAK = YES;
				CLANG_WARN_BLOCK_CAPTURE_AUTORELEASING = YES;
				CLANG_WARN_BOOL_CONVERSION = YES;
				CLANG_WARN_COMMA = YES;
				CLANG_WARN_CONSTANT_CONVERSION = YES;
				CLANG_WARN_DEPRECATED_OBJC_IMPLEMENTATIONS = YES;
				CLANG_WARN_DIRECT_OBJC_ISA_USAGE = YES_ERROR;
				CLANG_WARN_DOCUMENTATION_COMMENTS = YES;
				CLANG_WARN_EMPTY_BODY = YES;
				CLANG_WARN_ENUM_CONVERSION = YES;
				CLANG_WARN_INFINITE_RECURSION = YES;
				CLANG_WARN_INT_CONVERSION = YES;
				CLANG_WARN_NON_LITERAL_NULL_CONVERSION = YES;
				CLANG_WARN_OBJC_IMPLICIT_RETAIN_SELF = YES;
				CLANG_WARN_OBJC_LITERAL_CONVERSION = YES;
				CLANG_WARN_OBJC_ROOT_CLASS = YES_ERROR;
				CLANG_WARN_QUOTED_INCLUDE_IN_FRAMEWORK_HEADER = YES;
				CLANG_WARN_RANGE_LOOP_ANALYSIS = YES;
				CLANG_WARN_STRICT_PROTOTYPES = YES;
				CLANG_WARN_SUSPICIOUS_MOVE = YES;
				CLANG_WARN_UNGUARDED_AVAILABILITY = YES_AGGRESSIVE;
				CLANG_WARN_UNREACHABLE_CODE = YES;
				CLANG_WARN__DUPLICATE_METHOD_MATCH = YES;
				COPY_PHASE_STRIP = NO;
				DEBUG_INFORMATION_FORMAT = "dwarf-with-dsym";
				ENABLE_NS_ASSERTIONS = NO;
				ENABLE_STRICT_OBJC_MSGSEND = YES;
				GCC_C_LANGUAGE_STANDARD = gnu11;
				GCC_NO_COMMON_BLOCKS = YES;
				GCC_WARN_64_TO_32_BIT_CONVERSION = YES;
				GCC_WARN_ABOUT_RETURN_TYPE = YES_ERROR;
				GCC_WARN_UNDECLARED_SELECTOR = YES;
				GCC_WARN_UNINITIALIZED_AUTOS = YES_AGGRESSIVE;
				GCC_WARN_UNUSED_FUNCTION = YES;
				GCC_WARN_UNUSED_VARIABLE = YES;
				IPHONEOS_DEPLOYMENT_TARGET = 15.2;
				MTL_ENABLE_DEBUG_INFO = NO;
				MTL_FAST_MATH = YES;
				SDKROOT = iphoneos;
				SWIFT_COMPILATION_MODE = wholemodule;
				SWIFT_OPTIMIZATION_LEVEL = "-O";
				VALIDATE_PRODUCT = YES;
			};
			name = Release;
		};
		A84DDDD42AB80AF7005E00BF /* Debug */ = {
			isa = XCBuildConfiguration;
			buildSettings = {
				ASSETCATALOG_COMPILER_APPICON_NAME = AppIcon;
				ASSETCATALOG_COMPILER_GLOBAL_ACCENT_COLOR_NAME = AccentColor;
				CODE_SIGN_STYLE = Automatic;
				CURRENT_PROJECT_VERSION = 1;
				DEVELOPMENT_ASSET_PATHS = "\"FetchCodeChallenge/Preview Content\"";
				DEVELOPMENT_TEAM = HU5NP8XV8L;
				ENABLE_PREVIEWS = YES;
				GENERATE_INFOPLIST_FILE = YES;
				INFOPLIST_KEY_UIApplicationSceneManifest_Generation = YES;
				INFOPLIST_KEY_UIApplicationSupportsIndirectInputEvents = YES;
				INFOPLIST_KEY_UILaunchScreen_Generation = YES;
				INFOPLIST_KEY_UISupportedInterfaceOrientations_iPad = "UIInterfaceOrientationPortrait UIInterfaceOrientationPortraitUpsideDown UIInterfaceOrientationLandscapeLeft UIInterfaceOrientationLandscapeRight";
				INFOPLIST_KEY_UISupportedInterfaceOrientations_iPhone = "UIInterfaceOrientationPortrait UIInterfaceOrientationLandscapeLeft UIInterfaceOrientationLandscapeRight";
				LD_RUNPATH_SEARCH_PATHS = (
					"$(inherited)",
					"@executable_path/Frameworks",
				);
				MARKETING_VERSION = 1.0;
				PRODUCT_BUNDLE_IDENTIFIER = luis.blancas.FetchCodeChallenge;
				PRODUCT_NAME = "$(TARGET_NAME)";
				SWIFT_EMIT_LOC_STRINGS = YES;
				SWIFT_VERSION = 5.0;
				TARGETED_DEVICE_FAMILY = "1,2";
			};
			name = Debug;
		};
		A84DDDD52AB80AF7005E00BF /* Release */ = {
			isa = XCBuildConfiguration;
			buildSettings = {
				ASSETCATALOG_COMPILER_APPICON_NAME = AppIcon;
				ASSETCATALOG_COMPILER_GLOBAL_ACCENT_COLOR_NAME = AccentColor;
				CODE_SIGN_STYLE = Automatic;
				CURRENT_PROJECT_VERSION = 1;
				DEVELOPMENT_ASSET_PATHS = "\"FetchCodeChallenge/Preview Content\"";
				DEVELOPMENT_TEAM = HU5NP8XV8L;
				ENABLE_PREVIEWS = YES;
				GENERATE_INFOPLIST_FILE = YES;
				INFOPLIST_KEY_UIApplicationSceneManifest_Generation = YES;
				INFOPLIST_KEY_UIApplicationSupportsIndirectInputEvents = YES;
				INFOPLIST_KEY_UILaunchScreen_Generation = YES;
				INFOPLIST_KEY_UISupportedInterfaceOrientations_iPad = "UIInterfaceOrientationPortrait UIInterfaceOrientationPortraitUpsideDown UIInterfaceOrientationLandscapeLeft UIInterfaceOrientationLandscapeRight";
				INFOPLIST_KEY_UISupportedInterfaceOrientations_iPhone = "UIInterfaceOrientationPortrait UIInterfaceOrientationLandscapeLeft UIInterfaceOrientationLandscapeRight";
				LD_RUNPATH_SEARCH_PATHS = (
					"$(inherited)",
					"@executable_path/Frameworks",
				);
				MARKETING_VERSION = 1.0;
				PRODUCT_BUNDLE_IDENTIFIER = luis.blancas.FetchCodeChallenge;
				PRODUCT_NAME = "$(TARGET_NAME)";
				SWIFT_EMIT_LOC_STRINGS = YES;
				SWIFT_VERSION = 5.0;
				TARGETED_DEVICE_FAMILY = "1,2";
			};
			name = Release;
		};
/* End XCBuildConfiguration section */

/* Begin XCConfigurationList section */
		A84DDDC02AB80AF5005E00BF /* Build configuration list for PBXProject "FetchCodeChallenge" */ = {
			isa = XCConfigurationList;
			buildConfigurations = (
				A84DDDD12AB80AF7005E00BF /* Debug */,
				A84DDDD22AB80AF7005E00BF /* Release */,
			);
			defaultConfigurationIsVisible = 0;
			defaultConfigurationName = Release;
		};
		A84DDDD32AB80AF7005E00BF /* Build configuration list for PBXNativeTarget "FetchCodeChallenge" */ = {
			isa = XCConfigurationList;
			buildConfigurations = (
				A84DDDD42AB80AF7005E00BF /* Debug */,
				A84DDDD52AB80AF7005E00BF /* Release */,
			);
			defaultConfigurationIsVisible = 0;
			defaultConfigurationName = Release;
		};
/* End XCConfigurationList section */
	};
	rootObject = A84DDDBD2AB80AF5005E00BF /* Project object */;
}
